
Microsoft Visual Studio Solution File, Format Version 12.00
# Visual Studio Version 16
VisualStudioVersion = 16.0.30717.126
MinimumVisualStudioVersion = 10.0.40219.1
Project("{FAE04EC0-301F-11D3-BF4B-00C04F79EFBC}") = "WpfApp1", "WpfApp1\WpfApp1.csproj", "{01031AAF-5FD1-49E6-96CE-4356071018D1}"
EndProject
Global
	GlobalSection(SolutionConfigurationPlatforms) = preSolution
		Debug|Any CPU = Debug|Any CPU
		Release|Any CPU = Release|Any CPU
	EndGlobalSection
	GlobalSection(ProjectConfigurationPlatforms) = postSolution
		{01031AAF-5FD1-49E6-96CE-4356071018D1}.Debug|Any CPU.ActiveCfg = Debug|Any CPU
		{01031AAF-5FD1-49E6-96CE-4356071018D1}.Debug|Any CPU.Build.0 = Debug|Any CPU
		{01031AAF-5FD1-49E6-96CE-4356071018D1}.Release|Any CPU.ActiveCfg = Release|Any CPU
		{01031AAF-5FD1-49E6-96CE-4356071018D1}.Release|Any CPU.Build.0 = Release|Any CPU
	EndGlobalSection
	GlobalSection(SolutionProperties) = preSolution
		HideSolutionNode = FALSE
	EndGlobalSection
	GlobalSection(ExtensibilityGlobals) = postSolution
		SolutionGuid = {8EC1C679-3DD2-4B71-AED2-AD30DFE4BF7D}
	EndGlobalSection
EndGlobal
